
Microsoft Visual Studio Solution File, Format Version 12.00
# Visual Studio Version 16
VisualStudioVersion = 16.0.34407.143
MinimumVisualStudioVersion = 10.0.40219.1
Project("{FAE04EC0-301F-11D3-BF4B-00C04F79EFBC}") = "Anvarov41Razmer", "Anvarov41Razmer\Anvarov41Razmer.csproj", "{EB735B42-F624-4F6F-9686-AE25B036301D}"
EndProject
Global
	GlobalSection(SolutionConfigurationPlatforms) = preSolution
		Debug|Any CPU = Debug|Any CPU
		Release|Any CPU = Release|Any CPU
	EndGlobalSection
	GlobalSection(ProjectConfigurationPlatforms) = postSolution
		{EB735B42-F624-4F6F-9686-AE25B036301D}.Debug|Any CPU.ActiveCfg = Debug|Any CPU
		{EB735B42-F624-4F6F-9686-AE25B036301D}.Debug|Any CPU.Build.0 = Debug|Any CPU
		{EB735B42-F624-4F6F-9686-AE25B036301D}.Release|Any CPU.ActiveCfg = Release|Any CPU
		{EB735B42-F624-4F6F-9686-AE25B036301D}.Release|Any CPU.Build.0 = Release|Any CPU
	EndGlobalSection
	GlobalSection(SolutionProperties) = preSolution
		HideSolutionNode = FALSE
	EndGlobalSection
	GlobalSection(ExtensibilityGlobals) = postSolution
		SolutionGuid = {66F09BAD-3F0C-4A74-A982-774F95EDC98E}
	EndGlobalSection
EndGlobal
